
Microsoft Visual Studio Solution File, Format Version 12.00
# Visual Studio Version 16
VisualStudioVersion = 16.0.31005.135
MinimumVisualStudioVersion = 10.0.40219.1
Project("{FAE04EC0-301F-11D3-BF4B-00C04F79EFBC}") = "InterviewLabCodingExercise", "InterviewLabCodingExercise\InterviewLabCodingExercise.csproj", "{B5F9E53D-3748-4B52-8859-6FFC11E053DD}"
EndProject
Project("{FAE04EC0-301F-11D3-BF4B-00C04F79EFBC}") = "InterviewLabCodingExercise.Tests", "InterviewLabCodingExercise.Tests\InterviewLabCodingExercise.Tests.csproj", "{F7333E64-6782-469D-8DC0-7D735A3B2F51}"
EndProject
Global
	GlobalSection(SolutionConfigurationPlatforms) = preSolution
		Debug|Any CPU = Debug|Any CPU
		Release|Any CPU = Release|Any CPU
	EndGlobalSection
	GlobalSection(ProjectConfigurationPlatforms) = postSolution
		{B5F9E53D-3748-4B52-8859-6FFC11E053DD}.Debug|Any CPU.ActiveCfg = Debug|Any CPU
		{B5F9E53D-3748-4B52-8859-6FFC11E053DD}.Debug|Any CPU.Build.0 = Debug|Any CPU
		{B5F9E53D-3748-4B52-8859-6FFC11E053DD}.Release|Any CPU.ActiveCfg = Release|Any CPU
		{B5F9E53D-3748-4B52-8859-6FFC11E053DD}.Release|Any CPU.Build.0 = Release|Any CPU
		{F7333E64-6782-469D-8DC0-7D735A3B2F51}.Debug|Any CPU.ActiveCfg = Debug|Any CPU
		{F7333E64-6782-469D-8DC0-7D735A3B2F51}.Debug|Any CPU.Build.0 = Debug|Any CPU
		{F7333E64-6782-469D-8DC0-7D735A3B2F51}.Release|Any CPU.ActiveCfg = Release|Any CPU
		{F7333E64-6782-469D-8DC0-7D735A3B2F51}.Release|Any CPU.Build.0 = Release|Any CPU
	EndGlobalSection
	GlobalSection(SolutionProperties) = preSolution
		HideSolutionNode = FALSE
	EndGlobalSection
	GlobalSection(ExtensibilityGlobals) = postSolution
		SolutionGuid = {0A37D96F-DE58-44FF-BF10-473177C0E949}
	EndGlobalSection
EndGlobal
